
Microsoft Visual Studio Solution File, Format Version 12.00
# Visual Studio Version 17
VisualStudioVersion = 17.8.34601.278
MinimumVisualStudioVersion = 10.0.40219.1
Project("{FAE04EC0-301F-11D3-BF4B-00C04F79EFBC}") = "Azure_blob_storage_sol", "Azure_blob_storage_sol\Azure_blob_storage_sol.csproj", "{04BD7E31-C6FC-4322-A269-622B42B80EF2}"
EndProject
Global
	GlobalSection(SolutionConfigurationPlatforms) = preSolution
		Debug|Any CPU = Debug|Any CPU
		Release|Any CPU = Release|Any CPU
	EndGlobalSection
	GlobalSection(ProjectConfigurationPlatforms) = postSolution
		{04BD7E31-C6FC-4322-A269-622B42B80EF2}.Debug|Any CPU.ActiveCfg = Debug|Any CPU
		{04BD7E31-C6FC-4322-A269-622B42B80EF2}.Debug|Any CPU.Build.0 = Debug|Any CPU
		{04BD7E31-C6FC-4322-A269-622B42B80EF2}.Release|Any CPU.ActiveCfg = Release|Any CPU
		{04BD7E31-C6FC-4322-A269-622B42B80EF2}.Release|Any CPU.Build.0 = Release|Any CPU
	EndGlobalSection
	GlobalSection(SolutionProperties) = preSolution
		HideSolutionNode = FALSE
	EndGlobalSection
	GlobalSection(ExtensibilityGlobals) = postSolution
		SolutionGuid = {907BC44B-F672-41AC-810E-6AC802ED3663}
	EndGlobalSection
EndGlobal
